<?xml version="1.0" encoding="utf-8"?>
<Project ToolsVersion="4.0" xmlns="http://schemas.microsoft.com/developer/msbuild/2003">
  <ItemGroup>
    <Filter Include="Form Files">
      <UniqueIdentifier>{99349809-55BA-4b9d-BF79-8FDBB0286EB3}</UniqueIdentifier>
      <Extensions>ui</Extensions>
    </Filter>
    <Filter Include="Resource Files">
      <UniqueIdentifier>{D9D6E242-F8AF-46E4-B9FD-80ECBC20BA3E}</UniqueIdentifier>
      <Extensions>qrc;*</Extensions>
      <ParseFiles>false</ParseFiles>
    </Filter>
    <Filter Include="Generated Files">
      <UniqueIdentifier>{71ED8ED8-ACB9-4CE9-BBE1-E00B30144E11}</UniqueIdentifier>
      <Extensions>moc;h;cpp</Extensions>
      <SourceControlFiles>False</SourceControlFiles>
    </Filter>
    <Filter Include="Generated Files\Debug">
      <UniqueIdentifier>{99a36687-7d05-48e3-bf67-673aec18f033}</UniqueIdentifier>
      <Extensions>cpp;moc</Extensions>
      <SourceControlFiles>False</SourceControlFiles>
    </Filter>
    <Filter Include="Generated Files\Release">
      <UniqueIdentifier>{3b940db1-9364-469c-999f-32159bfe2d3b}</UniqueIdentifier>
      <Extensions>cpp;moc</Extensions>
      <SourceControlFiles>False</SourceControlFiles>
    </Filter>
    <Filter Include="Manager">
      <UniqueIdentifier>{4FC737F1-C7A5-4376-A066-2A32D752A2FF}</UniqueIdentifier>
      <Extensions>cpp;cxx;c;def</Extensions>
    </Filter>
    <Filter Include="UI">
      <UniqueIdentifier>{93995380-89BD-4b04-88EB-625FBE52EBFB}</UniqueIdentifier>
      <Extensions>h</Extensions>
    </Filter>
    <Filter Include="UI\Tools">
      <UniqueIdentifier>{b36bfbe2-c756-4a09-9481-ca01817b7edf}</UniqueIdentifier>
    </Filter>
  </ItemGroup>
  <ItemGroup>
    <ClCompile Include="UI\GraphicsScene.cpp">
      <Filter>UI</Filter>
    </ClCompile>
    <ClCompile Include="UI\GraphicsView.cpp">
      <Filter>UI</Filter>
    </ClCompile>
    <ClCompile Include="GeneratedFiles\Debug\moc_GraphicsView.cpp">
      <Filter>Generated Files\Debug</Filter>
    </ClCompile>
    <ClCompile Include="GeneratedFiles\Release\moc_GraphicsView.cpp">
      <Filter>Generated Files\Release</Filter>
    </ClCompile>
    <ClCompile Include="UI\Mainwindow.cpp">
      <Filter>UI</Filter>
    </ClCompile>
    <ClCompile Include="GeneratedFiles\Debug\moc_Mainwindow.cpp">
      <Filter>Generated Files\Debug</Filter>
    </ClCompile>
    <ClCompile Include="GeneratedFiles\Release\moc_Mainwindow.cpp">
      <Filter>Generated Files\Release</Filter>
    </ClCompile>
    <ClCompile Include="UI\Tool.cpp">
      <Filter>UI</Filter>
    </ClCompile>
    <ClCompile Include="GeneratedFiles\Debug\moc_Tool.cpp">
      <Filter>Generated Files\Debug</Filter>
    </ClCompile>
    <ClCompile Include="GeneratedFiles\Release\moc_Tool.cpp">
      <Filter>Generated Files\Release</Filter>
    </ClCompile>
    <ClCompile Include="UI\Viewer.cpp">
      <Filter>UI</Filter>
    </ClCompile>
    <ClCompile Include="UI\Tools\ReconTool.cpp">
      <Filter>UI\Tools</Filter>
    </ClCompile>
    <ClCompile Include="GeneratedFiles\Debug\moc_ReconTool.cpp">
      <Filter>Generated Files\Debug</Filter>
    </ClCompile>
    <ClCompile Include="GeneratedFiles\Release\moc_ReconTool.cpp">
      <Filter>Generated Files\Release</Filter>
    </ClCompile>
    <ClCompile Include="UI\Tools\ReconToolView.cpp">
      <Filter>UI\Tools</Filter>
    </ClCompile>
    <ClCompile Include="GeneratedFiles\Debug\moc_ReconToolView.cpp">
      <Filter>Generated Files\Debug</Filter>
    </ClCompile>
    <ClCompile Include="GeneratedFiles\Release\moc_ReconToolView.cpp">
      <Filter>Generated Files\Release</Filter>
    </ClCompile>
    <ClCompile Include="UI\Tools\SLAMTool.cpp">
      <Filter>UI\Tools</Filter>
    </ClCompile>
    <ClCompile Include="GeneratedFiles\Debug\moc_SLAMTool.cpp">
      <Filter>Generated Files\Debug</Filter>
    </ClCompile>
    <ClCompile Include="GeneratedFiles\Release\moc_SLAMTool.cpp">
      <Filter>Generated Files\Release</Filter>
    </ClCompile>
    <ClCompile Include="UI\Tools\SLAMToolView.cpp">
      <Filter>UI\Tools</Filter>
    </ClCompile>
    <ClCompile Include="GeneratedFiles\Debug\moc_SLAMToolView.cpp">
      <Filter>Generated Files\Debug</Filter>
    </ClCompile>
    <ClCompile Include="GeneratedFiles\Release\moc_SLAMToolView.cpp">
      <Filter>Generated Files\Release</Filter>
    </ClCompile>
    <ClCompile Include="main.cpp" />
    <ClCompile Include="Manager\SlamReconManager.cpp">
      <Filter>Manager</Filter>
    </ClCompile>
    <ClCompile Include="GeneratedFiles\Debug\moc_SlamReconManager.cpp">
      <Filter>Generated Files\Debug</Filter>
    </ClCompile>
    <ClCompile Include="GeneratedFiles\Release\moc_SlamReconManager.cpp">
      <Filter>Generated Files\Release</Filter>
    </ClCompile>
    <ClCompile Include="Manager\SlamReconKits.cpp">
      <Filter>Manager</Filter>
    </ClCompile>
  </ItemGroup>
  <ItemGroup>
    <ClInclude Include="UI\Camera.h">
      <Filter>UI</Filter>
    </ClInclude>
    <ClInclude Include="UI\GraphicsScene.h">
      <Filter>UI</Filter>
    </ClInclude>
    <ClInclude Include="GeneratedFiles\ui_Mainwindow.h">
      <Filter>Generated Files</Filter>
    </ClInclude>
    <ClInclude Include="UI\Viewer.h">
      <Filter>UI</Filter>
    </ClInclude>
  </ItemGroup>
  <ItemGroup>
    <CustomBuild Include="UI\GraphicsView.h">
      <Filter>UI</Filter>
    </CustomBuild>
    <CustomBuild Include="UI\Mainwindow.h">
      <Filter>UI</Filter>
    </CustomBuild>
    <CustomBuild Include="UI\Mainwindow.ui">
      <Filter>UI</Filter>
    </CustomBuild>
    <CustomBuild Include="UI\Tool.h">
      <Filter>UI</Filter>
    </CustomBuild>
    <CustomBuild Include="UI\Tools\ReconTool.h">
      <Filter>UI\Tools</Filter>
    </CustomBuild>
    <CustomBuild Include="UI\Tools\ReconToolView.h">
      <Filter>UI\Tools</Filter>
    </CustomBuild>
    <CustomBuild Include="UI\Tools\SLAMTool.h">
      <Filter>UI\Tools</Filter>
    </CustomBuild>
    <CustomBuild Include="UI\Tools\SLAMToolView.h">
      <Filter>UI\Tools</Filter>
    </CustomBuild>
    <CustomBuild Include="Manager\SlamReconManager.h">
      <Filter>Manager</Filter>
    </CustomBuild>
    <CustomBuild Include="Manager\SlamReconKits.h">
      <Filter>Manager</Filter>
    </CustomBuild>
  </ItemGroup>
</Project>