<?xml version="1.0" encoding="utf-8"?>
<Project ToolsVersion="4.0" xmlns="http://schemas.microsoft.com/developer/msbuild/2003">
  <ItemGroup>
    <Filter Include="Source Files">
      <UniqueIdentifier>{4FC737F1-C7A5-4376-A066-2A32D752A2FF}</UniqueIdentifier>
      <Extensions>cpp;c;cc;cxx;def;odl;idl;hpj;bat;asm;asmx</Extensions>
    </Filter>
    <Filter Include="Header Files">
      <UniqueIdentifier>{57561a2a-87a6-4a4e-a76a-2ec7392ad84f}</UniqueIdentifier>
    </Filter>
  </ItemGroup>
  <ItemGroup>
    <ClInclude Include="Calibration.h">
      <Filter>Header Files</Filter>
    </ClInclude>
    <ClInclude Include="Define.h">
      <Filter>Header Files</Filter>
    </ClInclude>
    <ClInclude Include="ICP.h">
      <Filter>Header Files</Filter>
    </ClInclude>
    <ClInclude Include="Utility.h">
      <Filter>Header Files</Filter>
    </ClInclude>
    <ClInclude Include="Image.h">
      <Filter>Header Files</Filter>
    </ClInclude>
    <ClInclude Include="MemoryBlock.h">
      <Filter>Header Files</Filter>
    </ClInclude>
    <ClInclude Include="CUDADefines.h">
      <Filter>Header Files</Filter>
    </ClInclude>
    <ClInclude Include="PlatformIndependence.h">
      <Filter>Header Files</Filter>
    </ClInclude>
    <ClInclude Include="Matrix.h">
      <Filter>Header Files</Filter>
    </ClInclude>
    <ClInclude Include="Vector.h">
      <Filter>Header Files</Filter>
    </ClInclude>
    <ClInclude Include="ImagesBlock.h">
      <Filter>Header Files</Filter>
    </ClInclude>
    <ClInclude Include="EigenDefine.h">
      <Filter>Header Files</Filter>
    </ClInclude>
    <ClInclude Include="PointsIO\PointsIO.h">
      <Filter>Header Files</Filter>
    </ClInclude>
    <ClInclude Include="PointsIO\rply.h">
      <Filter>Header Files</Filter>
    </ClInclude>
    <ClInclude Include="VisibleListBlock.h">
      <Filter>Header Files</Filter>
    </ClInclude>
  </ItemGroup>
  <ItemGroup>
    <ClCompile Include="Calibration.cpp">
      <Filter>Source Files</Filter>
    </ClCompile>
    <ClCompile Include="Utility.cpp">
      <Filter>Source Files</Filter>
    </ClCompile>
    <ClCompile Include="PointsIO\PointsIO.cpp">
      <Filter>Source Files</Filter>
    </ClCompile>
    <ClCompile Include="PointsIO\rply.c">
      <Filter>Source Files</Filter>
    </ClCompile>
  </ItemGroup>
</Project>